
Microsoft Visual Studio Solution File, Format Version 12.00
# Visual Studio Version 16
VisualStudioVersion = 16.0.28803.452
MinimumVisualStudioVersion = 10.0.40219.1
Project("{FAE04EC0-301F-11D3-BF4B-00C04F79EFBC}") = "iotc-xamarin-ble.Android", "iotc-xamarin-ble\iotc-xamarin-ble.Android\iotc-xamarin-ble.Android.csproj", "{2094A60A-3AF3-4AE7-BA9C-C4A7694E05ED}"
EndProject
Project("{FAE04EC0-301F-11D3-BF4B-00C04F79EFBC}") = "iotc-xamarin-ble.iOS", "iotc-xamarin-ble\iotc-xamarin-ble.iOS\iotc-xamarin-ble.iOS.csproj", "{39F6B0C9-D303-49EC-8633-126F4E127851}"
EndProject
Project("{9A19103F-16F7-4668-BE54-9A1E7A4F7556}") = "iotc-xamarin-ble", "iotc-xamarin-ble\iotc-xamarin-ble\iotc-xamarin-ble.csproj", "{6E17AABA-68C5-45C0-BDD8-C3B082168A14}"
EndProject
Project("{9A19103F-16F7-4668-BE54-9A1E7A4F7556}") = "iotc-csharp-service", "iotc-csharp-service\iotc-csharp-service.csproj", "{950BD21B-4926-431C-AA55-DFDA715D29D3}"
EndProject
Project("{9344BDBB-3E7F-41FC-A0DD-8665D75EE146}") = "Samples", "Samples\Samples.csproj", "{95DF1793-78E7-4A45-8B77-37A41FA2024C}"
EndProject
Project("{9344BDBB-3E7F-41FC-A0DD-8665D75EE146}") = "iotc-csharp-device-client", "..\iotc-csharp-device-client\src\iotc-csharp-device-client.csproj", "{856D7A78-21DB-4552-B78F-E6F49FC9BB35}"
EndProject
Global
	GlobalSection(SolutionConfigurationPlatforms) = preSolution
		Ad-Hoc|AndroidDevice = Ad-Hoc|AndroidDevice
		Ad-Hoc|AndroidEmulator = Ad-Hoc|AndroidEmulator
		Ad-Hoc|Any CPU = Ad-Hoc|Any CPU
		Ad-Hoc|iPhone = Ad-Hoc|iPhone
		Ad-Hoc|iPhoneSimulator = Ad-Hoc|iPhoneSimulator
		ApiMock|AndroidDevice = ApiMock|AndroidDevice
		ApiMock|AndroidEmulator = ApiMock|AndroidEmulator
		ApiMock|Any CPU = ApiMock|Any CPU
		ApiMock|iPhone = ApiMock|iPhone
		ApiMock|iPhoneSimulator = ApiMock|iPhoneSimulator
		AppStore|AndroidDevice = AppStore|AndroidDevice
		AppStore|AndroidEmulator = AppStore|AndroidEmulator
		AppStore|Any CPU = AppStore|Any CPU
		AppStore|iPhone = AppStore|iPhone
		AppStore|iPhoneSimulator = AppStore|iPhoneSimulator
		Debug|AndroidDevice = Debug|AndroidDevice
		Debug|AndroidEmulator = Debug|AndroidEmulator
		Debug|Any CPU = Debug|Any CPU
		Debug|iPhone = Debug|iPhone
		Debug|iPhoneSimulator = Debug|iPhoneSimulator
		Mock|AndroidDevice = Mock|AndroidDevice
		Mock|AndroidEmulator = Mock|AndroidEmulator
		Mock|Any CPU = Mock|Any CPU
		Mock|iPhone = Mock|iPhone
		Mock|iPhoneSimulator = Mock|iPhoneSimulator
		Release|AndroidDevice = Release|AndroidDevice
		Release|AndroidEmulator = Release|AndroidEmulator
		Release|Any CPU = Release|Any CPU
		Release|iPhone = Release|iPhone
		Release|iPhoneSimulator = Release|iPhoneSimulator
		AuthMock|Any CPU = AuthMock|Any CPU
	EndGlobalSection
	GlobalSection(ProjectConfigurationPlatforms) = postSolution
		{2094A60A-3AF3-4AE7-BA9C-C4A7694E05ED}.Ad-Hoc|AndroidDevice.ActiveCfg = Release|Any CPU
		{2094A60A-3AF3-4AE7-BA9C-C4A7694E05ED}.Ad-Hoc|AndroidDevice.Build.0 = Release|Any CPU
		{2094A60A-3AF3-4AE7-BA9C-C4A7694E05ED}.Ad-Hoc|AndroidDevice.Deploy.0 = Release|Any CPU
		{2094A60A-3AF3-4AE7-BA9C-C4A7694E05ED}.Ad-Hoc|AndroidEmulator.ActiveCfg = Release|Any CPU
		{2094A60A-3AF3-4AE7-BA9C-C4A7694E05ED}.Ad-Hoc|AndroidEmulator.Build.0 = Release|Any CPU
		{2094A60A-3AF3-4AE7-BA9C-C4A7694E05ED}.Ad-Hoc|AndroidEmulator.Deploy.0 = Release|Any CPU
		{2094A60A-3AF3-4AE7-BA9C-C4A7694E05ED}.Ad-Hoc|Any CPU.ActiveCfg = Release|Any CPU
		{2094A60A-3AF3-4AE7-BA9C-C4A7694E05ED}.Ad-Hoc|Any CPU.Build.0 = Release|Any CPU
		{2094A60A-3AF3-4AE7-BA9C-C4A7694E05ED}.Ad-Hoc|Any CPU.Deploy.0 = Release|Any CPU
		{2094A60A-3AF3-4AE7-BA9C-C4A7694E05ED}.Ad-Hoc|iPhone.ActiveCfg = Release|Any CPU
		{2094A60A-3AF3-4AE7-BA9C-C4A7694E05ED}.Ad-Hoc|iPhone.Build.0 = Release|Any CPU
		{2094A60A-3AF3-4AE7-BA9C-C4A7694E05ED}.Ad-Hoc|iPhone.Deploy.0 = Release|Any CPU
		{2094A60A-3AF3-4AE7-BA9C-C4A7694E05ED}.Ad-Hoc|iPhoneSimulator.ActiveCfg = Release|Any CPU
		{2094A60A-3AF3-4AE7-BA9C-C4A7694E05ED}.Ad-Hoc|iPhoneSimulator.Build.0 = Release|Any CPU
		{2094A60A-3AF3-4AE7-BA9C-C4A7694E05ED}.Ad-Hoc|iPhoneSimulator.Deploy.0 = Release|Any CPU
		{2094A60A-3AF3-4AE7-BA9C-C4A7694E05ED}.ApiMock|AndroidDevice.ActiveCfg = ApiMock|Any CPU
		{2094A60A-3AF3-4AE7-BA9C-C4A7694E05ED}.ApiMock|AndroidDevice.Build.0 = ApiMock|Any CPU
		{2094A60A-3AF3-4AE7-BA9C-C4A7694E05ED}.ApiMock|AndroidDevice.Deploy.0 = ApiMock|Any CPU
		{2094A60A-3AF3-4AE7-BA9C-C4A7694E05ED}.ApiMock|AndroidEmulator.ActiveCfg = ApiMock|Any CPU
		{2094A60A-3AF3-4AE7-BA9C-C4A7694E05ED}.ApiMock|AndroidEmulator.Build.0 = ApiMock|Any CPU
		{2094A60A-3AF3-4AE7-BA9C-C4A7694E05ED}.ApiMock|AndroidEmulator.Deploy.0 = ApiMock|Any CPU
		{2094A60A-3AF3-4AE7-BA9C-C4A7694E05ED}.ApiMock|Any CPU.ActiveCfg = ApiMock|Any CPU
		{2094A60A-3AF3-4AE7-BA9C-C4A7694E05ED}.ApiMock|Any CPU.Build.0 = ApiMock|Any CPU
		{2094A60A-3AF3-4AE7-BA9C-C4A7694E05ED}.ApiMock|Any CPU.Deploy.0 = ApiMock|Any CPU
		{2094A60A-3AF3-4AE7-BA9C-C4A7694E05ED}.ApiMock|iPhone.ActiveCfg = ApiMock|Any CPU
		{2094A60A-3AF3-4AE7-BA9C-C4A7694E05ED}.ApiMock|iPhone.Build.0 = ApiMock|Any CPU
		{2094A60A-3AF3-4AE7-BA9C-C4A7694E05ED}.ApiMock|iPhone.Deploy.0 = ApiMock|Any CPU
		{2094A60A-3AF3-4AE7-BA9C-C4A7694E05ED}.ApiMock|iPhoneSimulator.ActiveCfg = ApiMock|Any CPU
		{2094A60A-3AF3-4AE7-BA9C-C4A7694E05ED}.ApiMock|iPhoneSimulator.Build.0 = ApiMock|Any CPU
		{2094A60A-3AF3-4AE7-BA9C-C4A7694E05ED}.ApiMock|iPhoneSimulator.Deploy.0 = ApiMock|Any CPU
		{2094A60A-3AF3-4AE7-BA9C-C4A7694E05ED}.AppStore|AndroidDevice.ActiveCfg = Release|Any CPU
		{2094A60A-3AF3-4AE7-BA9C-C4A7694E05ED}.AppStore|AndroidDevice.Build.0 = Release|Any CPU
		{2094A60A-3AF3-4AE7-BA9C-C4A7694E05ED}.AppStore|AndroidDevice.Deploy.0 = Release|Any CPU
		{2094A60A-3AF3-4AE7-BA9C-C4A7694E05ED}.AppStore|AndroidEmulator.ActiveCfg = Release|Any CPU
		{2094A60A-3AF3-4AE7-BA9C-C4A7694E05ED}.AppStore|AndroidEmulator.Build.0 = Release|Any CPU
		{2094A60A-3AF3-4AE7-BA9C-C4A7694E05ED}.AppStore|AndroidEmulator.Deploy.0 = Release|Any CPU
		{2094A60A-3AF3-4AE7-BA9C-C4A7694E05ED}.AppStore|Any CPU.ActiveCfg = Release|Any CPU
		{2094A60A-3AF3-4AE7-BA9C-C4A7694E05ED}.AppStore|Any CPU.Build.0 = Release|Any CPU
		{2094A60A-3AF3-4AE7-BA9C-C4A7694E05ED}.AppStore|Any CPU.Deploy.0 = Release|Any CPU
		{2094A60A-3AF3-4AE7-BA9C-C4A7694E05ED}.AppStore|iPhone.ActiveCfg = Release|Any CPU
		{2094A60A-3AF3-4AE7-BA9C-C4A7694E05ED}.AppStore|iPhone.Build.0 = Release|Any CPU
		{2094A60A-3AF3-4AE7-BA9C-C4A7694E05ED}.AppStore|iPhone.Deploy.0 = Release|Any CPU
		{2094A60A-3AF3-4AE7-BA9C-C4A7694E05ED}.AppStore|iPhoneSimulator.ActiveCfg = Release|Any CPU
		{2094A60A-3AF3-4AE7-BA9C-C4A7694E05ED}.AppStore|iPhoneSimulator.Build.0 = Release|Any CPU
		{2094A60A-3AF3-4AE7-BA9C-C4A7694E05ED}.AppStore|iPhoneSimulator.Deploy.0 = Release|Any CPU
		{2094A60A-3AF3-4AE7-BA9C-C4A7694E05ED}.Debug|AndroidDevice.ActiveCfg = Debug|Any CPU
		{2094A60A-3AF3-4AE7-BA9C-C4A7694E05ED}.Debug|AndroidDevice.Build.0 = Debug|Any CPU
		{2094A60A-3AF3-4AE7-BA9C-C4A7694E05ED}.Debug|AndroidDevice.Deploy.0 = Debug|Any CPU
		{2094A60A-3AF3-4AE7-BA9C-C4A7694E05ED}.Debug|AndroidEmulator.ActiveCfg = Debug|Any CPU
		{2094A60A-3AF3-4AE7-BA9C-C4A7694E05ED}.Debug|AndroidEmulator.Build.0 = Debug|Any CPU
		{2094A60A-3AF3-4AE7-BA9C-C4A7694E05ED}.Debug|AndroidEmulator.Deploy.0 = Debug|Any CPU
		{2094A60A-3AF3-4AE7-BA9C-C4A7694E05ED}.Debug|Any CPU.ActiveCfg = Debug|Any CPU
		{2094A60A-3AF3-4AE7-BA9C-C4A7694E05ED}.Debug|Any CPU.Build.0 = Debug|Any CPU
		{2094A60A-3AF3-4AE7-BA9C-C4A7694E05ED}.Debug|Any CPU.Deploy.0 = Debug|Any CPU
		{2094A60A-3AF3-4AE7-BA9C-C4A7694E05ED}.Debug|iPhone.ActiveCfg = Debug|Any CPU
		{2094A60A-3AF3-4AE7-BA9C-C4A7694E05ED}.Debug|iPhone.Build.0 = Debug|Any CPU
		{2094A60A-3AF3-4AE7-BA9C-C4A7694E05ED}.Debug|iPhone.Deploy.0 = Debug|Any CPU
		{2094A60A-3AF3-4AE7-BA9C-C4A7694E05ED}.Debug|iPhoneSimulator.ActiveCfg = Debug|Any CPU
		{2094A60A-3AF3-4AE7-BA9C-C4A7694E05ED}.Debug|iPhoneSimulator.Build.0 = Debug|Any CPU
		{2094A60A-3AF3-4AE7-BA9C-C4A7694E05ED}.Debug|iPhoneSimulator.Deploy.0 = Debug|Any CPU
		{2094A60A-3AF3-4AE7-BA9C-C4A7694E05ED}.Mock|AndroidDevice.ActiveCfg = Mock|Any CPU
		{2094A60A-3AF3-4AE7-BA9C-C4A7694E05ED}.Mock|AndroidDevice.Build.0 = Mock|Any CPU
		{2094A60A-3AF3-4AE7-BA9C-C4A7694E05ED}.Mock|AndroidDevice.Deploy.0 = Mock|Any CPU
		{2094A60A-3AF3-4AE7-BA9C-C4A7694E05ED}.Mock|AndroidEmulator.ActiveCfg = Mock|Any CPU
		{2094A60A-3AF3-4AE7-BA9C-C4A7694E05ED}.Mock|AndroidEmulator.Build.0 = Mock|Any CPU
		{2094A60A-3AF3-4AE7-BA9C-C4A7694E05ED}.Mock|AndroidEmulator.Deploy.0 = Mock|Any CPU
		{2094A60A-3AF3-4AE7-BA9C-C4A7694E05ED}.Mock|Any CPU.ActiveCfg = Mock|Any CPU
		{2094A60A-3AF3-4AE7-BA9C-C4A7694E05ED}.Mock|Any CPU.Build.0 = Mock|Any CPU
		{2094A60A-3AF3-4AE7-BA9C-C4A7694E05ED}.Mock|Any CPU.Deploy.0 = Mock|Any CPU
		{2094A60A-3AF3-4AE7-BA9C-C4A7694E05ED}.Mock|iPhone.ActiveCfg = Mock|Any CPU
		{2094A60A-3AF3-4AE7-BA9C-C4A7694E05ED}.Mock|iPhone.Build.0 = Mock|Any CPU
		{2094A60A-3AF3-4AE7-BA9C-C4A7694E05ED}.Mock|iPhone.Deploy.0 = Mock|Any CPU
		{2094A60A-3AF3-4AE7-BA9C-C4A7694E05ED}.Mock|iPhoneSimulator.ActiveCfg = Mock|Any CPU
		{2094A60A-3AF3-4AE7-BA9C-C4A7694E05ED}.Mock|iPhoneSimulator.Deploy.0 = Mock|Any CPU
		{2094A60A-3AF3-4AE7-BA9C-C4A7694E05ED}.Release|AndroidDevice.ActiveCfg = Release|Any CPU
		{2094A60A-3AF3-4AE7-BA9C-C4A7694E05ED}.Release|AndroidDevice.Build.0 = Release|Any CPU
		{2094A60A-3AF3-4AE7-BA9C-C4A7694E05ED}.Release|AndroidDevice.Deploy.0 = Release|Any CPU
		{2094A60A-3AF3-4AE7-BA9C-C4A7694E05ED}.Release|AndroidEmulator.ActiveCfg = Release|Any CPU
		{2094A60A-3AF3-4AE7-BA9C-C4A7694E05ED}.Release|AndroidEmulator.Build.0 = Release|Any CPU
		{2094A60A-3AF3-4AE7-BA9C-C4A7694E05ED}.Release|AndroidEmulator.Deploy.0 = Release|Any CPU
		{2094A60A-3AF3-4AE7-BA9C-C4A7694E05ED}.Release|Any CPU.ActiveCfg = Release|Any CPU
		{2094A60A-3AF3-4AE7-BA9C-C4A7694E05ED}.Release|Any CPU.Build.0 = Release|Any CPU
		{2094A60A-3AF3-4AE7-BA9C-C4A7694E05ED}.Release|Any CPU.Deploy.0 = Release|Any CPU
		{2094A60A-3AF3-4AE7-BA9C-C4A7694E05ED}.Release|iPhone.ActiveCfg = Release|Any CPU
		{2094A60A-3AF3-4AE7-BA9C-C4A7694E05ED}.Release|iPhone.Build.0 = Release|Any CPU
		{2094A60A-3AF3-4AE7-BA9C-C4A7694E05ED}.Release|iPhone.Deploy.0 = Release|Any CPU
		{2094A60A-3AF3-4AE7-BA9C-C4A7694E05ED}.Release|iPhoneSimulator.ActiveCfg = Release|Any CPU
		{2094A60A-3AF3-4AE7-BA9C-C4A7694E05ED}.Release|iPhoneSimulator.Build.0 = Release|Any CPU
		{2094A60A-3AF3-4AE7-BA9C-C4A7694E05ED}.Release|iPhoneSimulator.Deploy.0 = Release|Any CPU
		{2094A60A-3AF3-4AE7-BA9C-C4A7694E05ED}.AuthMock|Any CPU.ActiveCfg = Debug|Any CPU
		{2094A60A-3AF3-4AE7-BA9C-C4A7694E05ED}.AuthMock|Any CPU.Build.0 = Debug|Any CPU
		{39F6B0C9-D303-49EC-8633-126F4E127851}.Ad-Hoc|AndroidDevice.ActiveCfg = Ad-Hoc|iPhone
		{39F6B0C9-D303-49EC-8633-126F4E127851}.Ad-Hoc|AndroidDevice.Build.0 = Ad-Hoc|iPhone
		{39F6B0C9-D303-49EC-8633-126F4E127851}.Ad-Hoc|AndroidDevice.Deploy.0 = Ad-Hoc|iPhone
		{39F6B0C9-D303-49EC-8633-126F4E127851}.Ad-Hoc|AndroidEmulator.ActiveCfg = Ad-Hoc|iPhone
		{39F6B0C9-D303-49EC-8633-126F4E127851}.Ad-Hoc|AndroidEmulator.Build.0 = Ad-Hoc|iPhone
		{39F6B0C9-D303-49EC-8633-126F4E127851}.Ad-Hoc|AndroidEmulator.Deploy.0 = Ad-Hoc|iPhone
		{39F6B0C9-D303-49EC-8633-126F4E127851}.Ad-Hoc|Any CPU.ActiveCfg = Ad-Hoc|iPhone
		{39F6B0C9-D303-49EC-8633-126F4E127851}.Ad-Hoc|Any CPU.Build.0 = Ad-Hoc|iPhone
		{39F6B0C9-D303-49EC-8633-126F4E127851}.Ad-Hoc|Any CPU.Deploy.0 = Ad-Hoc|iPhone
		{39F6B0C9-D303-49EC-8633-126F4E127851}.Ad-Hoc|iPhone.ActiveCfg = Ad-Hoc|iPhone
		{39F6B0C9-D303-49EC-8633-126F4E127851}.Ad-Hoc|iPhone.Build.0 = Ad-Hoc|iPhone
		{39F6B0C9-D303-49EC-8633-126F4E127851}.Ad-Hoc|iPhone.Deploy.0 = Ad-Hoc|iPhone
		{39F6B0C9-D303-49EC-8633-126F4E127851}.Ad-Hoc|iPhoneSimulator.ActiveCfg = Ad-Hoc|iPhoneSimulator
		{39F6B0C9-D303-49EC-8633-126F4E127851}.Ad-Hoc|iPhoneSimulator.Build.0 = Ad-Hoc|iPhoneSimulator
		{39F6B0C9-D303-49EC-8633-126F4E127851}.Ad-Hoc|iPhoneSimulator.Deploy.0 = Ad-Hoc|iPhoneSimulator
		{39F6B0C9-D303-49EC-8633-126F4E127851}.ApiMock|AndroidDevice.ActiveCfg = ApiMock|iPhone
		{39F6B0C9-D303-49EC-8633-126F4E127851}.ApiMock|AndroidEmulator.ActiveCfg = ApiMock|iPhone
		{39F6B0C9-D303-49EC-8633-126F4E127851}.ApiMock|Any CPU.ActiveCfg = ApiMock|iPhone
		{39F6B0C9-D303-49EC-8633-126F4E127851}.ApiMock|iPhone.ActiveCfg = ApiMock|iPhone
		{39F6B0C9-D303-49EC-8633-126F4E127851}.ApiMock|iPhoneSimulator.ActiveCfg = ApiMock|iPhoneSimulator
		{39F6B0C9-D303-49EC-8633-126F4E127851}.AppStore|AndroidDevice.ActiveCfg = AppStore|iPhone
		{39F6B0C9-D303-49EC-8633-126F4E127851}.AppStore|AndroidDevice.Build.0 = AppStore|iPhone
		{39F6B0C9-D303-49EC-8633-126F4E127851}.AppStore|AndroidDevice.Deploy.0 = AppStore|iPhone
		{39F6B0C9-D303-49EC-8633-126F4E127851}.AppStore|AndroidEmulator.ActiveCfg = AppStore|iPhone
		{39F6B0C9-D303-49EC-8633-126F4E127851}.AppStore|AndroidEmulator.Build.0 = AppStore|iPhone
		{39F6B0C9-D303-49EC-8633-126F4E127851}.AppStore|AndroidEmulator.Deploy.0 = AppStore|iPhone
		{39F6B0C9-D303-49EC-8633-126F4E127851}.AppStore|Any CPU.ActiveCfg = AppStore|iPhone
		{39F6B0C9-D303-49EC-8633-126F4E127851}.AppStore|Any CPU.Build.0 = AppStore|iPhone
		{39F6B0C9-D303-49EC-8633-126F4E127851}.AppStore|Any CPU.Deploy.0 = AppStore|iPhone
		{39F6B0C9-D303-49EC-8633-126F4E127851}.AppStore|iPhone.ActiveCfg = AppStore|iPhone
		{39F6B0C9-D303-49EC-8633-126F4E127851}.AppStore|iPhone.Build.0 = AppStore|iPhone
		{39F6B0C9-D303-49EC-8633-126F4E127851}.AppStore|iPhone.Deploy.0 = AppStore|iPhone
		{39F6B0C9-D303-49EC-8633-126F4E127851}.AppStore|iPhoneSimulator.ActiveCfg = AppStore|iPhoneSimulator
		{39F6B0C9-D303-49EC-8633-126F4E127851}.AppStore|iPhoneSimulator.Build.0 = AppStore|iPhoneSimulator
		{39F6B0C9-D303-49EC-8633-126F4E127851}.AppStore|iPhoneSimulator.Deploy.0 = AppStore|iPhoneSimulator
		{39F6B0C9-D303-49EC-8633-126F4E127851}.Debug|AndroidDevice.ActiveCfg = Debug|iPhoneSimulator
		{39F6B0C9-D303-49EC-8633-126F4E127851}.Debug|AndroidDevice.Build.0 = Debug|iPhoneSimulator
		{39F6B0C9-D303-49EC-8633-126F4E127851}.Debug|AndroidDevice.Deploy.0 = Debug|iPhoneSimulator
		{39F6B0C9-D303-49EC-8633-126F4E127851}.Debug|AndroidEmulator.ActiveCfg = Debug|iPhoneSimulator
		{39F6B0C9-D303-49EC-8633-126F4E127851}.Debug|AndroidEmulator.Build.0 = Debug|iPhoneSimulator
		{39F6B0C9-D303-49EC-8633-126F4E127851}.Debug|AndroidEmulator.Deploy.0 = Debug|iPhoneSimulator
		{39F6B0C9-D303-49EC-8633-126F4E127851}.Debug|Any CPU.ActiveCfg = Debug|iPhoneSimulator
		{39F6B0C9-D303-49EC-8633-126F4E127851}.Debug|Any CPU.Build.0 = Debug|iPhoneSimulator
		{39F6B0C9-D303-49EC-8633-126F4E127851}.Debug|Any CPU.Deploy.0 = Debug|iPhoneSimulator
		{39F6B0C9-D303-49EC-8633-126F4E127851}.Debug|iPhone.ActiveCfg = Debug|iPhone
		{39F6B0C9-D303-49EC-8633-126F4E127851}.Debug|iPhone.Build.0 = Debug|iPhone
		{39F6B0C9-D303-49EC-8633-126F4E127851}.Debug|iPhone.Deploy.0 = Debug|iPhone
		{39F6B0C9-D303-49EC-8633-126F4E127851}.Debug|iPhoneSimulator.ActiveCfg = Debug|iPhoneSimulator
		{39F6B0C9-D303-49EC-8633-126F4E127851}.Debug|iPhoneSimulator.Build.0 = Debug|iPhoneSimulator
		{39F6B0C9-D303-49EC-8633-126F4E127851}.Debug|iPhoneSimulator.Deploy.0 = Debug|iPhoneSimulator
		{39F6B0C9-D303-49EC-8633-126F4E127851}.Mock|AndroidDevice.ActiveCfg = Mock|iPhoneSimulator
		{39F6B0C9-D303-49EC-8633-126F4E127851}.Mock|AndroidEmulator.ActiveCfg = Mock|iPhone
		{39F6B0C9-D303-49EC-8633-126F4E127851}.Mock|Any CPU.ActiveCfg = Mock|iPhone
		{39F6B0C9-D303-49EC-8633-126F4E127851}.Mock|iPhone.ActiveCfg = Mock|iPhone
		{39F6B0C9-D303-49EC-8633-126F4E127851}.Mock|iPhone.Build.0 = Mock|iPhone
		{39F6B0C9-D303-49EC-8633-126F4E127851}.Mock|iPhoneSimulator.ActiveCfg = Mock|iPhoneSimulator
		{39F6B0C9-D303-49EC-8633-126F4E127851}.Mock|iPhoneSimulator.Build.0 = Mock|iPhoneSimulator
		{39F6B0C9-D303-49EC-8633-126F4E127851}.Release|AndroidDevice.ActiveCfg = Release|iPhone
		{39F6B0C9-D303-49EC-8633-126F4E127851}.Release|AndroidDevice.Build.0 = Release|iPhone
		{39F6B0C9-D303-49EC-8633-126F4E127851}.Release|AndroidDevice.Deploy.0 = Release|iPhone
		{39F6B0C9-D303-49EC-8633-126F4E127851}.Release|AndroidEmulator.ActiveCfg = Release|iPhone
		{39F6B0C9-D303-49EC-8633-126F4E127851}.Release|AndroidEmulator.Build.0 = Release|iPhone
		{39F6B0C9-D303-49EC-8633-126F4E127851}.Release|AndroidEmulator.Deploy.0 = Release|iPhone
		{39F6B0C9-D303-49EC-8633-126F4E127851}.Release|Any CPU.ActiveCfg = Release|iPhone
		{39F6B0C9-D303-49EC-8633-126F4E127851}.Release|Any CPU.Build.0 = Release|iPhone
		{39F6B0C9-D303-49EC-8633-126F4E127851}.Release|Any CPU.Deploy.0 = Release|iPhone
		{39F6B0C9-D303-49EC-8633-126F4E127851}.Release|iPhone.ActiveCfg = Release|iPhone
		{39F6B0C9-D303-49EC-8633-126F4E127851}.Release|iPhone.Build.0 = Release|iPhone
		{39F6B0C9-D303-49EC-8633-126F4E127851}.Release|iPhone.Deploy.0 = Release|iPhone
		{39F6B0C9-D303-49EC-8633-126F4E127851}.Release|iPhoneSimulator.ActiveCfg = Release|iPhoneSimulator
		{39F6B0C9-D303-49EC-8633-126F4E127851}.Release|iPhoneSimulator.Build.0 = Release|iPhoneSimulator
		{39F6B0C9-D303-49EC-8633-126F4E127851}.Release|iPhoneSimulator.Deploy.0 = Release|iPhoneSimulator
		{39F6B0C9-D303-49EC-8633-126F4E127851}.Mock|AndroidDevice.Build.0 = Mock|iPhoneSimulator
		{39F6B0C9-D303-49EC-8633-126F4E127851}.Mock|Any CPU.Build.0 = Mock|iPhone
		{39F6B0C9-D303-49EC-8633-126F4E127851}.AuthMock|Any CPU.ActiveCfg = AuthMock|iPhoneSimulator
		{39F6B0C9-D303-49EC-8633-126F4E127851}.AuthMock|Any CPU.Build.0 = AuthMock|iPhoneSimulator
		{6E17AABA-68C5-45C0-BDD8-C3B082168A14}.Ad-Hoc|AndroidDevice.ActiveCfg = Debug|Any CPU
		{6E17AABA-68C5-45C0-BDD8-C3B082168A14}.Ad-Hoc|AndroidDevice.Build.0 = Debug|Any CPU
		{6E17AABA-68C5-45C0-BDD8-C3B082168A14}.Ad-Hoc|AndroidDevice.Deploy.0 = Debug|Any CPU
		{6E17AABA-68C5-45C0-BDD8-C3B082168A14}.Ad-Hoc|AndroidEmulator.ActiveCfg = Debug|Any CPU
		{6E17AABA-68C5-45C0-BDD8-C3B082168A14}.Ad-Hoc|AndroidEmulator.Build.0 = Debug|Any CPU
		{6E17AABA-68C5-45C0-BDD8-C3B082168A14}.Ad-Hoc|AndroidEmulator.Deploy.0 = Debug|Any CPU
		{6E17AABA-68C5-45C0-BDD8-C3B082168A14}.Ad-Hoc|Any CPU.ActiveCfg = Debug|Any CPU
		{6E17AABA-68C5-45C0-BDD8-C3B082168A14}.Ad-Hoc|Any CPU.Build.0 = Debug|Any CPU
		{6E17AABA-68C5-45C0-BDD8-C3B082168A14}.Ad-Hoc|Any CPU.Deploy.0 = Debug|Any CPU
		{6E17AABA-68C5-45C0-BDD8-C3B082168A14}.Ad-Hoc|iPhone.ActiveCfg = Debug|Any CPU
		{6E17AABA-68C5-45C0-BDD8-C3B082168A14}.Ad-Hoc|iPhone.Build.0 = Debug|Any CPU
		{6E17AABA-68C5-45C0-BDD8-C3B082168A14}.Ad-Hoc|iPhone.Deploy.0 = Debug|Any CPU
		{6E17AABA-68C5-45C0-BDD8-C3B082168A14}.Ad-Hoc|iPhoneSimulator.ActiveCfg = Debug|Any CPU
		{6E17AABA-68C5-45C0-BDD8-C3B082168A14}.Ad-Hoc|iPhoneSimulator.Build.0 = Debug|Any CPU
		{6E17AABA-68C5-45C0-BDD8-C3B082168A14}.Ad-Hoc|iPhoneSimulator.Deploy.0 = Debug|Any CPU
		{6E17AABA-68C5-45C0-BDD8-C3B082168A14}.ApiMock|AndroidDevice.ActiveCfg = ApiMock|Any CPU
		{6E17AABA-68C5-45C0-BDD8-C3B082168A14}.ApiMock|AndroidDevice.Build.0 = ApiMock|Any CPU
		{6E17AABA-68C5-45C0-BDD8-C3B082168A14}.ApiMock|AndroidEmulator.ActiveCfg = ApiMock|Any CPU
		{6E17AABA-68C5-45C0-BDD8-C3B082168A14}.ApiMock|AndroidEmulator.Build.0 = ApiMock|Any CPU
		{6E17AABA-68C5-45C0-BDD8-C3B082168A14}.ApiMock|Any CPU.ActiveCfg = ApiMock|Any CPU
		{6E17AABA-68C5-45C0-BDD8-C3B082168A14}.ApiMock|Any CPU.Build.0 = ApiMock|Any CPU
		{6E17AABA-68C5-45C0-BDD8-C3B082168A14}.ApiMock|iPhone.ActiveCfg = ApiMock|Any CPU
		{6E17AABA-68C5-45C0-BDD8-C3B082168A14}.ApiMock|iPhone.Build.0 = ApiMock|Any CPU
		{6E17AABA-68C5-45C0-BDD8-C3B082168A14}.ApiMock|iPhoneSimulator.ActiveCfg = ApiMock|Any CPU
		{6E17AABA-68C5-45C0-BDD8-C3B082168A14}.ApiMock|iPhoneSimulator.Build.0 = ApiMock|Any CPU
		{6E17AABA-68C5-45C0-BDD8-C3B082168A14}.AppStore|AndroidDevice.ActiveCfg = Debug|Any CPU
		{6E17AABA-68C5-45C0-BDD8-C3B082168A14}.AppStore|AndroidDevice.Build.0 = Debug|Any CPU
		{6E17AABA-68C5-45C0-BDD8-C3B082168A14}.AppStore|AndroidDevice.Deploy.0 = Debug|Any CPU
		{6E17AABA-68C5-45C0-BDD8-C3B082168A14}.AppStore|AndroidEmulator.ActiveCfg = Debug|Any CPU
		{6E17AABA-68C5-45C0-BDD8-C3B082168A14}.AppStore|AndroidEmulator.Build.0 = Debug|Any CPU
		{6E17AABA-68C5-45C0-BDD8-C3B082168A14}.AppStore|AndroidEmulator.Deploy.0 = Debug|Any CPU
		{6E17AABA-68C5-45C0-BDD8-C3B082168A14}.AppStore|Any CPU.ActiveCfg = Debug|Any CPU
		{6E17AABA-68C5-45C0-BDD8-C3B082168A14}.AppStore|Any CPU.Build.0 = Debug|Any CPU
		{6E17AABA-68C5-45C0-BDD8-C3B082168A14}.AppStore|Any CPU.Deploy.0 = Debug|Any CPU
		{6E17AABA-68C5-45C0-BDD8-C3B082168A14}.AppStore|iPhone.ActiveCfg = Debug|Any CPU
		{6E17AABA-68C5-45C0-BDD8-C3B082168A14}.AppStore|iPhone.Build.0 = Debug|Any CPU
		{6E17AABA-68C5-45C0-BDD8-C3B082168A14}.AppStore|iPhone.Deploy.0 = Debug|Any CPU
		{6E17AABA-68C5-45C0-BDD8-C3B082168A14}.AppStore|iPhoneSimulator.ActiveCfg = Debug|Any CPU
		{6E17AABA-68C5-45C0-BDD8-C3B082168A14}.AppStore|iPhoneSimulator.Build.0 = Debug|Any CPU
		{6E17AABA-68C5-45C0-BDD8-C3B082168A14}.AppStore|iPhoneSimulator.Deploy.0 = Debug|Any CPU
		{6E17AABA-68C5-45C0-BDD8-C3B082168A14}.Debug|AndroidDevice.ActiveCfg = Debug|Any CPU
		{6E17AABA-68C5-45C0-BDD8-C3B082168A14}.Debug|AndroidDevice.Build.0 = Debug|Any CPU
		{6E17AABA-68C5-45C0-BDD8-C3B082168A14}.Debug|AndroidDevice.Deploy.0 = Debug|Any CPU
		{6E17AABA-68C5-45C0-BDD8-C3B082168A14}.Debug|AndroidEmulator.ActiveCfg = Debug|Any CPU
		{6E17AABA-68C5-45C0-BDD8-C3B082168A14}.Debug|AndroidEmulator.Build.0 = Debug|Any CPU
		{6E17AABA-68C5-45C0-BDD8-C3B082168A14}.Debug|AndroidEmulator.Deploy.0 = Debug|Any CPU
		{6E17AABA-68C5-45C0-BDD8-C3B082168A14}.Debug|Any CPU.ActiveCfg = Debug|Any CPU
		{6E17AABA-68C5-45C0-BDD8-C3B082168A14}.Debug|Any CPU.Build.0 = Debug|Any CPU
		{6E17AABA-68C5-45C0-BDD8-C3B082168A14}.Debug|Any CPU.Deploy.0 = Debug|Any CPU
		{6E17AABA-68C5-45C0-BDD8-C3B082168A14}.Debug|iPhone.ActiveCfg = Debug|Any CPU
		{6E17AABA-68C5-45C0-BDD8-C3B082168A14}.Debug|iPhone.Build.0 = Debug|Any CPU
		{6E17AABA-68C5-45C0-BDD8-C3B082168A14}.Debug|iPhone.Deploy.0 = Debug|Any CPU
		{6E17AABA-68C5-45C0-BDD8-C3B082168A14}.Debug|iPhoneSimulator.ActiveCfg = Debug|Any CPU
		{6E17AABA-68C5-45C0-BDD8-C3B082168A14}.Debug|iPhoneSimulator.Build.0 = Debug|Any CPU
		{6E17AABA-68C5-45C0-BDD8-C3B082168A14}.Debug|iPhoneSimulator.Deploy.0 = Debug|Any CPU
		{6E17AABA-68C5-45C0-BDD8-C3B082168A14}.Mock|AndroidDevice.ActiveCfg = Mock|Any CPU
		{6E17AABA-68C5-45C0-BDD8-C3B082168A14}.Mock|AndroidDevice.Build.0 = Mock|Any CPU
		{6E17AABA-68C5-45C0-BDD8-C3B082168A14}.Mock|AndroidEmulator.ActiveCfg = Mock|Any CPU
		{6E17AABA-68C5-45C0-BDD8-C3B082168A14}.Mock|AndroidEmulator.Build.0 = Mock|Any CPU
		{6E17AABA-68C5-45C0-BDD8-C3B082168A14}.Mock|Any CPU.ActiveCfg = Mock|Any CPU
		{6E17AABA-68C5-45C0-BDD8-C3B082168A14}.Mock|Any CPU.Build.0 = Mock|Any CPU
		{6E17AABA-68C5-45C0-BDD8-C3B082168A14}.Mock|iPhone.ActiveCfg = Mock|Any CPU
		{6E17AABA-68C5-45C0-BDD8-C3B082168A14}.Mock|iPhone.Build.0 = Mock|Any CPU
		{6E17AABA-68C5-45C0-BDD8-C3B082168A14}.Mock|iPhoneSimulator.ActiveCfg = Mock|Any CPU
		{6E17AABA-68C5-45C0-BDD8-C3B082168A14}.Mock|iPhoneSimulator.Build.0 = Mock|Any CPU
		{6E17AABA-68C5-45C0-BDD8-C3B082168A14}.Release|AndroidDevice.ActiveCfg = Release|Any CPU
		{6E17AABA-68C5-45C0-BDD8-C3B082168A14}.Release|AndroidDevice.Build.0 = Release|Any CPU
		{6E17AABA-68C5-45C0-BDD8-C3B082168A14}.Release|AndroidDevice.Deploy.0 = Release|Any CPU
		{6E17AABA-68C5-45C0-BDD8-C3B082168A14}.Release|AndroidEmulator.ActiveCfg = Release|Any CPU
		{6E17AABA-68C5-45C0-BDD8-C3B082168A14}.Release|AndroidEmulator.Build.0 = Release|Any CPU
		{6E17AABA-68C5-45C0-BDD8-C3B082168A14}.Release|AndroidEmulator.Deploy.0 = Release|Any CPU
		{6E17AABA-68C5-45C0-BDD8-C3B082168A14}.Release|Any CPU.ActiveCfg = Release|Any CPU
		{6E17AABA-68C5-45C0-BDD8-C3B082168A14}.Release|Any CPU.Build.0 = Release|Any CPU
		{6E17AABA-68C5-45C0-BDD8-C3B082168A14}.Release|Any CPU.Deploy.0 = Release|Any CPU
		{6E17AABA-68C5-45C0-BDD8-C3B082168A14}.Release|iPhone.ActiveCfg = Release|Any CPU
		{6E17AABA-68C5-45C0-BDD8-C3B082168A14}.Release|iPhone.Build.0 = Release|Any CPU
		{6E17AABA-68C5-45C0-BDD8-C3B082168A14}.Release|iPhone.Deploy.0 = Release|Any CPU
		{6E17AABA-68C5-45C0-BDD8-C3B082168A14}.Release|iPhoneSimulator.ActiveCfg = Release|Any CPU
		{6E17AABA-68C5-45C0-BDD8-C3B082168A14}.Release|iPhoneSimulator.Build.0 = Release|Any CPU
		{6E17AABA-68C5-45C0-BDD8-C3B082168A14}.Release|iPhoneSimulator.Deploy.0 = Release|Any CPU
		{6E17AABA-68C5-45C0-BDD8-C3B082168A14}.AuthMock|Any CPU.ActiveCfg = AuthMock|Any CPU
		{6E17AABA-68C5-45C0-BDD8-C3B082168A14}.AuthMock|Any CPU.Build.0 = AuthMock|Any CPU
		{950BD21B-4926-431C-AA55-DFDA715D29D3}.Ad-Hoc|AndroidDevice.ActiveCfg = Debug|Any CPU
		{950BD21B-4926-431C-AA55-DFDA715D29D3}.Ad-Hoc|AndroidDevice.Build.0 = Debug|Any CPU
		{950BD21B-4926-431C-AA55-DFDA715D29D3}.Ad-Hoc|AndroidEmulator.ActiveCfg = Debug|Any CPU
		{950BD21B-4926-431C-AA55-DFDA715D29D3}.Ad-Hoc|AndroidEmulator.Build.0 = Debug|Any CPU
		{950BD21B-4926-431C-AA55-DFDA715D29D3}.Ad-Hoc|Any CPU.ActiveCfg = Debug|Any CPU
		{950BD21B-4926-431C-AA55-DFDA715D29D3}.Ad-Hoc|Any CPU.Build.0 = Debug|Any CPU
		{950BD21B-4926-431C-AA55-DFDA715D29D3}.Ad-Hoc|iPhone.ActiveCfg = Debug|Any CPU
		{950BD21B-4926-431C-AA55-DFDA715D29D3}.Ad-Hoc|iPhone.Build.0 = Debug|Any CPU
		{950BD21B-4926-431C-AA55-DFDA715D29D3}.Ad-Hoc|iPhoneSimulator.ActiveCfg = Debug|Any CPU
		{950BD21B-4926-431C-AA55-DFDA715D29D3}.Ad-Hoc|iPhoneSimulator.Build.0 = Debug|Any CPU
		{950BD21B-4926-431C-AA55-DFDA715D29D3}.ApiMock|AndroidDevice.ActiveCfg = ApiMock|Any CPU
		{950BD21B-4926-431C-AA55-DFDA715D29D3}.ApiMock|AndroidDevice.Build.0 = ApiMock|Any CPU
		{950BD21B-4926-431C-AA55-DFDA715D29D3}.ApiMock|AndroidEmulator.ActiveCfg = ApiMock|Any CPU
		{950BD21B-4926-431C-AA55-DFDA715D29D3}.ApiMock|AndroidEmulator.Build.0 = ApiMock|Any CPU
		{950BD21B-4926-431C-AA55-DFDA715D29D3}.ApiMock|Any CPU.ActiveCfg = ApiMock|Any CPU
		{950BD21B-4926-431C-AA55-DFDA715D29D3}.ApiMock|Any CPU.Build.0 = ApiMock|Any CPU
		{950BD21B-4926-431C-AA55-DFDA715D29D3}.ApiMock|iPhone.ActiveCfg = ApiMock|Any CPU
		{950BD21B-4926-431C-AA55-DFDA715D29D3}.ApiMock|iPhone.Build.0 = ApiMock|Any CPU
		{950BD21B-4926-431C-AA55-DFDA715D29D3}.ApiMock|iPhoneSimulator.ActiveCfg = ApiMock|Any CPU
		{950BD21B-4926-431C-AA55-DFDA715D29D3}.ApiMock|iPhoneSimulator.Build.0 = ApiMock|Any CPU
		{950BD21B-4926-431C-AA55-DFDA715D29D3}.AppStore|AndroidDevice.ActiveCfg = Debug|Any CPU
		{950BD21B-4926-431C-AA55-DFDA715D29D3}.AppStore|AndroidDevice.Build.0 = Debug|Any CPU
		{950BD21B-4926-431C-AA55-DFDA715D29D3}.AppStore|AndroidEmulator.ActiveCfg = Debug|Any CPU
		{950BD21B-4926-431C-AA55-DFDA715D29D3}.AppStore|AndroidEmulator.Build.0 = Debug|Any CPU
		{950BD21B-4926-431C-AA55-DFDA715D29D3}.AppStore|Any CPU.ActiveCfg = Debug|Any CPU
		{950BD21B-4926-431C-AA55-DFDA715D29D3}.AppStore|Any CPU.Build.0 = Debug|Any CPU
		{950BD21B-4926-431C-AA55-DFDA715D29D3}.AppStore|iPhone.ActiveCfg = Debug|Any CPU
		{950BD21B-4926-431C-AA55-DFDA715D29D3}.AppStore|iPhone.Build.0 = Debug|Any CPU
		{950BD21B-4926-431C-AA55-DFDA715D29D3}.AppStore|iPhoneSimulator.ActiveCfg = Debug|Any CPU
		{950BD21B-4926-431C-AA55-DFDA715D29D3}.AppStore|iPhoneSimulator.Build.0 = Debug|Any CPU
		{950BD21B-4926-431C-AA55-DFDA715D29D3}.Debug|AndroidDevice.ActiveCfg = Debug|Any CPU
		{950BD21B-4926-431C-AA55-DFDA715D29D3}.Debug|AndroidDevice.Build.0 = Debug|Any CPU
		{950BD21B-4926-431C-AA55-DFDA715D29D3}.Debug|AndroidEmulator.ActiveCfg = Debug|Any CPU
		{950BD21B-4926-431C-AA55-DFDA715D29D3}.Debug|AndroidEmulator.Build.0 = Debug|Any CPU
		{950BD21B-4926-431C-AA55-DFDA715D29D3}.Debug|Any CPU.ActiveCfg = Debug|Any CPU
		{950BD21B-4926-431C-AA55-DFDA715D29D3}.Debug|Any CPU.Build.0 = Debug|Any CPU
		{950BD21B-4926-431C-AA55-DFDA715D29D3}.Debug|iPhone.ActiveCfg = Debug|Any CPU
		{950BD21B-4926-431C-AA55-DFDA715D29D3}.Debug|iPhone.Build.0 = Debug|Any CPU
		{950BD21B-4926-431C-AA55-DFDA715D29D3}.Debug|iPhoneSimulator.ActiveCfg = Debug|Any CPU
		{950BD21B-4926-431C-AA55-DFDA715D29D3}.Debug|iPhoneSimulator.Build.0 = Debug|Any CPU
		{950BD21B-4926-431C-AA55-DFDA715D29D3}.Mock|AndroidDevice.ActiveCfg = Release|Any CPU
		{950BD21B-4926-431C-AA55-DFDA715D29D3}.Mock|AndroidDevice.Build.0 = Release|Any CPU
		{950BD21B-4926-431C-AA55-DFDA715D29D3}.Mock|AndroidEmulator.ActiveCfg = Mock|Any CPU
		{950BD21B-4926-431C-AA55-DFDA715D29D3}.Mock|AndroidEmulator.Build.0 = Mock|Any CPU
		{950BD21B-4926-431C-AA55-DFDA715D29D3}.Mock|Any CPU.ActiveCfg = Release|Any CPU
		{950BD21B-4926-431C-AA55-DFDA715D29D3}.Mock|Any CPU.Build.0 = Release|Any CPU
		{950BD21B-4926-431C-AA55-DFDA715D29D3}.Mock|iPhone.ActiveCfg = Release|Any CPU
		{950BD21B-4926-431C-AA55-DFDA715D29D3}.Mock|iPhone.Build.0 = Release|Any CPU
		{950BD21B-4926-431C-AA55-DFDA715D29D3}.Mock|iPhoneSimulator.ActiveCfg = Release|Any CPU
		{950BD21B-4926-431C-AA55-DFDA715D29D3}.Mock|iPhoneSimulator.Build.0 = Release|Any CPU
		{950BD21B-4926-431C-AA55-DFDA715D29D3}.Release|AndroidDevice.ActiveCfg = Release|Any CPU
		{950BD21B-4926-431C-AA55-DFDA715D29D3}.Release|AndroidDevice.Build.0 = Release|Any CPU
		{950BD21B-4926-431C-AA55-DFDA715D29D3}.Release|AndroidEmulator.ActiveCfg = Release|Any CPU
		{950BD21B-4926-431C-AA55-DFDA715D29D3}.Release|AndroidEmulator.Build.0 = Release|Any CPU
		{950BD21B-4926-431C-AA55-DFDA715D29D3}.Release|Any CPU.ActiveCfg = Release|Any CPU
		{950BD21B-4926-431C-AA55-DFDA715D29D3}.Release|Any CPU.Build.0 = Release|Any CPU
		{950BD21B-4926-431C-AA55-DFDA715D29D3}.Release|iPhone.ActiveCfg = Release|Any CPU
		{950BD21B-4926-431C-AA55-DFDA715D29D3}.Release|iPhone.Build.0 = Release|Any CPU
		{950BD21B-4926-431C-AA55-DFDA715D29D3}.Release|iPhoneSimulator.ActiveCfg = Release|Any CPU
		{950BD21B-4926-431C-AA55-DFDA715D29D3}.Release|iPhoneSimulator.Build.0 = Release|Any CPU
		{950BD21B-4926-431C-AA55-DFDA715D29D3}.AuthMock|Any CPU.ActiveCfg = Release|Any CPU
		{950BD21B-4926-431C-AA55-DFDA715D29D3}.AuthMock|Any CPU.Build.0 = Release|Any CPU
		{95DF1793-78E7-4A45-8B77-37A41FA2024C}.Ad-Hoc|AndroidDevice.ActiveCfg = Release|Any CPU
		{95DF1793-78E7-4A45-8B77-37A41FA2024C}.Ad-Hoc|AndroidDevice.Build.0 = Release|Any CPU
		{95DF1793-78E7-4A45-8B77-37A41FA2024C}.Ad-Hoc|AndroidEmulator.ActiveCfg = Release|Any CPU
		{95DF1793-78E7-4A45-8B77-37A41FA2024C}.Ad-Hoc|AndroidEmulator.Build.0 = Release|Any CPU
		{95DF1793-78E7-4A45-8B77-37A41FA2024C}.Ad-Hoc|Any CPU.ActiveCfg = Release|Any CPU
		{95DF1793-78E7-4A45-8B77-37A41FA2024C}.Ad-Hoc|Any CPU.Build.0 = Release|Any CPU
		{95DF1793-78E7-4A45-8B77-37A41FA2024C}.Ad-Hoc|iPhone.ActiveCfg = Release|Any CPU
		{95DF1793-78E7-4A45-8B77-37A41FA2024C}.Ad-Hoc|iPhone.Build.0 = Release|Any CPU
		{95DF1793-78E7-4A45-8B77-37A41FA2024C}.Ad-Hoc|iPhoneSimulator.ActiveCfg = Release|Any CPU
		{95DF1793-78E7-4A45-8B77-37A41FA2024C}.Ad-Hoc|iPhoneSimulator.Build.0 = Release|Any CPU
		{95DF1793-78E7-4A45-8B77-37A41FA2024C}.ApiMock|AndroidDevice.ActiveCfg = ApiMock|Any CPU
		{95DF1793-78E7-4A45-8B77-37A41FA2024C}.ApiMock|AndroidDevice.Build.0 = ApiMock|Any CPU
		{95DF1793-78E7-4A45-8B77-37A41FA2024C}.ApiMock|AndroidEmulator.ActiveCfg = ApiMock|Any CPU
		{95DF1793-78E7-4A45-8B77-37A41FA2024C}.ApiMock|AndroidEmulator.Build.0 = ApiMock|Any CPU
		{95DF1793-78E7-4A45-8B77-37A41FA2024C}.ApiMock|Any CPU.ActiveCfg = ApiMock|Any CPU
		{95DF1793-78E7-4A45-8B77-37A41FA2024C}.ApiMock|Any CPU.Build.0 = ApiMock|Any CPU
		{95DF1793-78E7-4A45-8B77-37A41FA2024C}.ApiMock|iPhone.ActiveCfg = ApiMock|Any CPU
		{95DF1793-78E7-4A45-8B77-37A41FA2024C}.ApiMock|iPhone.Build.0 = ApiMock|Any CPU
		{95DF1793-78E7-4A45-8B77-37A41FA2024C}.ApiMock|iPhoneSimulator.ActiveCfg = ApiMock|Any CPU
		{95DF1793-78E7-4A45-8B77-37A41FA2024C}.ApiMock|iPhoneSimulator.Build.0 = ApiMock|Any CPU
		{95DF1793-78E7-4A45-8B77-37A41FA2024C}.AppStore|AndroidDevice.ActiveCfg = Release|Any CPU
		{95DF1793-78E7-4A45-8B77-37A41FA2024C}.AppStore|AndroidDevice.Build.0 = Release|Any CPU
		{95DF1793-78E7-4A45-8B77-37A41FA2024C}.AppStore|AndroidEmulator.ActiveCfg = Release|Any CPU
		{95DF1793-78E7-4A45-8B77-37A41FA2024C}.AppStore|AndroidEmulator.Build.0 = Release|Any CPU
		{95DF1793-78E7-4A45-8B77-37A41FA2024C}.AppStore|Any CPU.ActiveCfg = Release|Any CPU
		{95DF1793-78E7-4A45-8B77-37A41FA2024C}.AppStore|Any CPU.Build.0 = Release|Any CPU
		{95DF1793-78E7-4A45-8B77-37A41FA2024C}.AppStore|iPhone.ActiveCfg = Release|Any CPU
		{95DF1793-78E7-4A45-8B77-37A41FA2024C}.AppStore|iPhone.Build.0 = Release|Any CPU
		{95DF1793-78E7-4A45-8B77-37A41FA2024C}.AppStore|iPhoneSimulator.ActiveCfg = Release|Any CPU
		{95DF1793-78E7-4A45-8B77-37A41FA2024C}.AppStore|iPhoneSimulator.Build.0 = Release|Any CPU
		{95DF1793-78E7-4A45-8B77-37A41FA2024C}.Debug|AndroidDevice.ActiveCfg = Debug|Any CPU
		{95DF1793-78E7-4A45-8B77-37A41FA2024C}.Debug|AndroidDevice.Build.0 = Debug|Any CPU
		{95DF1793-78E7-4A45-8B77-37A41FA2024C}.Debug|AndroidEmulator.ActiveCfg = Debug|Any CPU
		{95DF1793-78E7-4A45-8B77-37A41FA2024C}.Debug|AndroidEmulator.Build.0 = Debug|Any CPU
		{95DF1793-78E7-4A45-8B77-37A41FA2024C}.Debug|Any CPU.ActiveCfg = Debug|Any CPU
		{95DF1793-78E7-4A45-8B77-37A41FA2024C}.Debug|Any CPU.Build.0 = Debug|Any CPU
		{95DF1793-78E7-4A45-8B77-37A41FA2024C}.Debug|iPhone.ActiveCfg = Debug|Any CPU
		{95DF1793-78E7-4A45-8B77-37A41FA2024C}.Debug|iPhone.Build.0 = Debug|Any CPU
		{95DF1793-78E7-4A45-8B77-37A41FA2024C}.Debug|iPhoneSimulator.ActiveCfg = Debug|Any CPU
		{95DF1793-78E7-4A45-8B77-37A41FA2024C}.Debug|iPhoneSimulator.Build.0 = Debug|Any CPU
		{95DF1793-78E7-4A45-8B77-37A41FA2024C}.Mock|AndroidDevice.ActiveCfg = Mock|Any CPU
		{95DF1793-78E7-4A45-8B77-37A41FA2024C}.Mock|AndroidDevice.Build.0 = Mock|Any CPU
		{95DF1793-78E7-4A45-8B77-37A41FA2024C}.Mock|AndroidEmulator.ActiveCfg = Mock|Any CPU
		{95DF1793-78E7-4A45-8B77-37A41FA2024C}.Mock|AndroidEmulator.Build.0 = Mock|Any CPU
		{95DF1793-78E7-4A45-8B77-37A41FA2024C}.Mock|Any CPU.ActiveCfg = Mock|Any CPU
		{95DF1793-78E7-4A45-8B77-37A41FA2024C}.Mock|Any CPU.Build.0 = Mock|Any CPU
		{95DF1793-78E7-4A45-8B77-37A41FA2024C}.Mock|iPhone.ActiveCfg = Mock|Any CPU
		{95DF1793-78E7-4A45-8B77-37A41FA2024C}.Mock|iPhone.Build.0 = Mock|Any CPU
		{95DF1793-78E7-4A45-8B77-37A41FA2024C}.Mock|iPhoneSimulator.ActiveCfg = Mock|Any CPU
		{95DF1793-78E7-4A45-8B77-37A41FA2024C}.Mock|iPhoneSimulator.Build.0 = Mock|Any CPU
		{95DF1793-78E7-4A45-8B77-37A41FA2024C}.Release|AndroidDevice.ActiveCfg = Release|Any CPU
		{95DF1793-78E7-4A45-8B77-37A41FA2024C}.Release|AndroidDevice.Build.0 = Release|Any CPU
		{95DF1793-78E7-4A45-8B77-37A41FA2024C}.Release|AndroidEmulator.ActiveCfg = Release|Any CPU
		{95DF1793-78E7-4A45-8B77-37A41FA2024C}.Release|AndroidEmulator.Build.0 = Release|Any CPU
		{95DF1793-78E7-4A45-8B77-37A41FA2024C}.Release|Any CPU.ActiveCfg = Release|Any CPU
		{95DF1793-78E7-4A45-8B77-37A41FA2024C}.Release|Any CPU.Build.0 = Release|Any CPU
		{95DF1793-78E7-4A45-8B77-37A41FA2024C}.Release|iPhone.ActiveCfg = Release|Any CPU
		{95DF1793-78E7-4A45-8B77-37A41FA2024C}.Release|iPhone.Build.0 = Release|Any CPU
		{95DF1793-78E7-4A45-8B77-37A41FA2024C}.Release|iPhoneSimulator.ActiveCfg = Release|Any CPU
		{95DF1793-78E7-4A45-8B77-37A41FA2024C}.Release|iPhoneSimulator.Build.0 = Release|Any CPU
		{95DF1793-78E7-4A45-8B77-37A41FA2024C}.AuthMock|Any CPU.ActiveCfg = AuthMock|Any CPU
		{856D7A78-21DB-4552-B78F-E6F49FC9BB35}.Ad-Hoc|AndroidDevice.ActiveCfg = Debug|Any CPU
		{856D7A78-21DB-4552-B78F-E6F49FC9BB35}.Ad-Hoc|AndroidDevice.Build.0 = Debug|Any CPU
		{856D7A78-21DB-4552-B78F-E6F49FC9BB35}.Ad-Hoc|AndroidEmulator.ActiveCfg = Debug|Any CPU
		{856D7A78-21DB-4552-B78F-E6F49FC9BB35}.Ad-Hoc|AndroidEmulator.Build.0 = Debug|Any CPU
		{856D7A78-21DB-4552-B78F-E6F49FC9BB35}.Ad-Hoc|Any CPU.ActiveCfg = Debug|Any CPU
		{856D7A78-21DB-4552-B78F-E6F49FC9BB35}.Ad-Hoc|Any CPU.Build.0 = Debug|Any CPU
		{856D7A78-21DB-4552-B78F-E6F49FC9BB35}.Ad-Hoc|iPhone.ActiveCfg = Debug|Any CPU
		{856D7A78-21DB-4552-B78F-E6F49FC9BB35}.Ad-Hoc|iPhone.Build.0 = Debug|Any CPU
		{856D7A78-21DB-4552-B78F-E6F49FC9BB35}.Ad-Hoc|iPhoneSimulator.ActiveCfg = Debug|Any CPU
		{856D7A78-21DB-4552-B78F-E6F49FC9BB35}.Ad-Hoc|iPhoneSimulator.Build.0 = Debug|Any CPU
		{856D7A78-21DB-4552-B78F-E6F49FC9BB35}.ApiMock|AndroidDevice.ActiveCfg = ApiMock|Any CPU
		{856D7A78-21DB-4552-B78F-E6F49FC9BB35}.ApiMock|AndroidDevice.Build.0 = ApiMock|Any CPU
		{856D7A78-21DB-4552-B78F-E6F49FC9BB35}.ApiMock|AndroidEmulator.ActiveCfg = ApiMock|Any CPU
		{856D7A78-21DB-4552-B78F-E6F49FC9BB35}.ApiMock|AndroidEmulator.Build.0 = ApiMock|Any CPU
		{856D7A78-21DB-4552-B78F-E6F49FC9BB35}.ApiMock|Any CPU.ActiveCfg = ApiMock|Any CPU
		{856D7A78-21DB-4552-B78F-E6F49FC9BB35}.ApiMock|Any CPU.Build.0 = ApiMock|Any CPU
		{856D7A78-21DB-4552-B78F-E6F49FC9BB35}.ApiMock|iPhone.ActiveCfg = ApiMock|Any CPU
		{856D7A78-21DB-4552-B78F-E6F49FC9BB35}.ApiMock|iPhone.Build.0 = ApiMock|Any CPU
		{856D7A78-21DB-4552-B78F-E6F49FC9BB35}.ApiMock|iPhoneSimulator.ActiveCfg = ApiMock|Any CPU
		{856D7A78-21DB-4552-B78F-E6F49FC9BB35}.ApiMock|iPhoneSimulator.Build.0 = ApiMock|Any CPU
		{856D7A78-21DB-4552-B78F-E6F49FC9BB35}.AppStore|AndroidDevice.ActiveCfg = Debug|Any CPU
		{856D7A78-21DB-4552-B78F-E6F49FC9BB35}.AppStore|AndroidDevice.Build.0 = Debug|Any CPU
		{856D7A78-21DB-4552-B78F-E6F49FC9BB35}.AppStore|AndroidEmulator.ActiveCfg = Debug|Any CPU
		{856D7A78-21DB-4552-B78F-E6F49FC9BB35}.AppStore|AndroidEmulator.Build.0 = Debug|Any CPU
		{856D7A78-21DB-4552-B78F-E6F49FC9BB35}.AppStore|Any CPU.ActiveCfg = Debug|Any CPU
		{856D7A78-21DB-4552-B78F-E6F49FC9BB35}.AppStore|Any CPU.Build.0 = Debug|Any CPU
		{856D7A78-21DB-4552-B78F-E6F49FC9BB35}.AppStore|iPhone.ActiveCfg = Debug|Any CPU
		{856D7A78-21DB-4552-B78F-E6F49FC9BB35}.AppStore|iPhone.Build.0 = Debug|Any CPU
		{856D7A78-21DB-4552-B78F-E6F49FC9BB35}.AppStore|iPhoneSimulator.ActiveCfg = Debug|Any CPU
		{856D7A78-21DB-4552-B78F-E6F49FC9BB35}.AppStore|iPhoneSimulator.Build.0 = Debug|Any CPU
		{856D7A78-21DB-4552-B78F-E6F49FC9BB35}.Debug|AndroidDevice.ActiveCfg = Debug|Any CPU
		{856D7A78-21DB-4552-B78F-E6F49FC9BB35}.Debug|AndroidDevice.Build.0 = Debug|Any CPU
		{856D7A78-21DB-4552-B78F-E6F49FC9BB35}.Debug|AndroidEmulator.ActiveCfg = Debug|Any CPU
		{856D7A78-21DB-4552-B78F-E6F49FC9BB35}.Debug|AndroidEmulator.Build.0 = Debug|Any CPU
		{856D7A78-21DB-4552-B78F-E6F49FC9BB35}.Debug|Any CPU.ActiveCfg = Debug|Any CPU
		{856D7A78-21DB-4552-B78F-E6F49FC9BB35}.Debug|Any CPU.Build.0 = Debug|Any CPU
		{856D7A78-21DB-4552-B78F-E6F49FC9BB35}.Debug|iPhone.ActiveCfg = Debug|Any CPU
		{856D7A78-21DB-4552-B78F-E6F49FC9BB35}.Debug|iPhone.Build.0 = Debug|Any CPU
		{856D7A78-21DB-4552-B78F-E6F49FC9BB35}.Debug|iPhoneSimulator.ActiveCfg = Debug|Any CPU
		{856D7A78-21DB-4552-B78F-E6F49FC9BB35}.Debug|iPhoneSimulator.Build.0 = Debug|Any CPU
		{856D7A78-21DB-4552-B78F-E6F49FC9BB35}.Mock|AndroidDevice.ActiveCfg = Mock|Any CPU
		{856D7A78-21DB-4552-B78F-E6F49FC9BB35}.Mock|AndroidDevice.Build.0 = Mock|Any CPU
		{856D7A78-21DB-4552-B78F-E6F49FC9BB35}.Mock|AndroidEmulator.ActiveCfg = Mock|Any CPU
		{856D7A78-21DB-4552-B78F-E6F49FC9BB35}.Mock|AndroidEmulator.Build.0 = Mock|Any CPU
		{856D7A78-21DB-4552-B78F-E6F49FC9BB35}.Mock|Any CPU.ActiveCfg = Mock|Any CPU
		{856D7A78-21DB-4552-B78F-E6F49FC9BB35}.Mock|Any CPU.Build.0 = Mock|Any CPU
		{856D7A78-21DB-4552-B78F-E6F49FC9BB35}.Mock|iPhone.ActiveCfg = Mock|Any CPU
		{856D7A78-21DB-4552-B78F-E6F49FC9BB35}.Mock|iPhone.Build.0 = Mock|Any CPU
		{856D7A78-21DB-4552-B78F-E6F49FC9BB35}.Mock|iPhoneSimulator.ActiveCfg = Mock|Any CPU
		{856D7A78-21DB-4552-B78F-E6F49FC9BB35}.Mock|iPhoneSimulator.Build.0 = Mock|Any CPU
		{856D7A78-21DB-4552-B78F-E6F49FC9BB35}.Release|AndroidDevice.ActiveCfg = Release|Any CPU
		{856D7A78-21DB-4552-B78F-E6F49FC9BB35}.Release|AndroidDevice.Build.0 = Release|Any CPU
		{856D7A78-21DB-4552-B78F-E6F49FC9BB35}.Release|AndroidEmulator.ActiveCfg = Release|Any CPU
		{856D7A78-21DB-4552-B78F-E6F49FC9BB35}.Release|AndroidEmulator.Build.0 = Release|Any CPU
		{856D7A78-21DB-4552-B78F-E6F49FC9BB35}.Release|Any CPU.ActiveCfg = Release|Any CPU
		{856D7A78-21DB-4552-B78F-E6F49FC9BB35}.Release|Any CPU.Build.0 = Release|Any CPU
		{856D7A78-21DB-4552-B78F-E6F49FC9BB35}.Release|iPhone.ActiveCfg = Release|Any CPU
		{856D7A78-21DB-4552-B78F-E6F49FC9BB35}.Release|iPhone.Build.0 = Release|Any CPU
		{856D7A78-21DB-4552-B78F-E6F49FC9BB35}.Release|iPhoneSimulator.ActiveCfg = Release|Any CPU
		{856D7A78-21DB-4552-B78F-E6F49FC9BB35}.Release|iPhoneSimulator.Build.0 = Release|Any CPU
		{856D7A78-21DB-4552-B78F-E6F49FC9BB35}.AuthMock|Any CPU.ActiveCfg = AuthMock|Any CPU
	EndGlobalSection
	GlobalSection(SolutionProperties) = preSolution
		HideSolutionNode = FALSE
	EndGlobalSection
	GlobalSection(ExtensibilityGlobals) = postSolution
		SolutionGuid = {E89A1267-7AFE-4A67-8DCE-003E60EA81C9}
	EndGlobalSection
EndGlobal
