
Microsoft Visual Studio Solution File, Format Version 12.00
# Visual Studio Version 16
VisualStudioVersion = 16.0.28803.452
MinimumVisualStudioVersion = 10.0.40219.1
Project("{FAE04EC0-301F-11D3-BF4B-00C04F79EFBC}") = "iotc-xamarin-ble.Android", "iotc-xamarin-ble\iotc-xamarin-ble.Android\iotc-xamarin-ble.Android.csproj", "{2094A60A-3AF3-4AE7-BA9C-C4A7694E05ED}"
EndProject
Project("{FAE04EC0-301F-11D3-BF4B-00C04F79EFBC}") = "iotc-xamarin-ble.iOS", "iotc-xamarin-ble\iotc-xamarin-ble.iOS\iotc-xamarin-ble.iOS.csproj", "{39F6B0C9-D303-49EC-8633-126F4E127851}"
EndProject
Project("{9A19103F-16F7-4668-BE54-9A1E7A4F7556}") = "iotc-xamarin-ble", "iotc-xamarin-ble\iotc-xamarin-ble\iotc-xamarin-ble.csproj", "{6E17AABA-68C5-45C0-BDD8-C3B082168A14}"
EndProject
Project("{9A19103F-16F7-4668-BE54-9A1E7A4F7556}") = "iotc-csharp-service", "iotc-csharp-service\iotc-csharp-service.csproj", "{950BD21B-4926-431C-AA55-DFDA715D29D3}"
EndProject
Project("{FAE04EC0-301F-11D3-BF4B-00C04F79EFBC}") = "Samples", "Samples\Samples.csproj", "{4719E94E-914D-4F21-A5BF-2A65691BB8FD}"
EndProject
Project("{9A19103F-16F7-4668-BE54-9A1E7A4F7556}") = "iotc-csharp-device-client", "..\iotc-csharp-device-client\src\iotc-csharp-device-client.csproj", "{DA3F1EE5-14B6-4EF1-8CC3-409C4BDBC1C7}"
EndProject
Global
	GlobalSection(SolutionConfigurationPlatforms) = preSolution
		Ad-Hoc|Any CPU = Ad-Hoc|Any CPU
		Ad-Hoc|iPhone = Ad-Hoc|iPhone
		Ad-Hoc|iPhoneSimulator = Ad-Hoc|iPhoneSimulator
		AppStore|Any CPU = AppStore|Any CPU
		AppStore|iPhone = AppStore|iPhone
		AppStore|iPhoneSimulator = AppStore|iPhoneSimulator
		Debug|Any CPU = Debug|Any CPU
		Debug|iPhone = Debug|iPhone
		Debug|iPhoneSimulator = Debug|iPhoneSimulator
		Release|Any CPU = Release|Any CPU
		Release|iPhone = Release|iPhone
		Release|iPhoneSimulator = Release|iPhoneSimulator
	EndGlobalSection
	GlobalSection(ProjectConfigurationPlatforms) = postSolution
		{2094A60A-3AF3-4AE7-BA9C-C4A7694E05ED}.Ad-Hoc|Any CPU.ActiveCfg = Release|Any CPU
		{2094A60A-3AF3-4AE7-BA9C-C4A7694E05ED}.Ad-Hoc|Any CPU.Build.0 = Release|Any CPU
		{2094A60A-3AF3-4AE7-BA9C-C4A7694E05ED}.Ad-Hoc|Any CPU.Deploy.0 = Release|Any CPU
		{2094A60A-3AF3-4AE7-BA9C-C4A7694E05ED}.Ad-Hoc|iPhone.ActiveCfg = Release|Any CPU
		{2094A60A-3AF3-4AE7-BA9C-C4A7694E05ED}.Ad-Hoc|iPhone.Build.0 = Release|Any CPU
		{2094A60A-3AF3-4AE7-BA9C-C4A7694E05ED}.Ad-Hoc|iPhone.Deploy.0 = Release|Any CPU
		{2094A60A-3AF3-4AE7-BA9C-C4A7694E05ED}.Ad-Hoc|iPhoneSimulator.ActiveCfg = Release|Any CPU
		{2094A60A-3AF3-4AE7-BA9C-C4A7694E05ED}.Ad-Hoc|iPhoneSimulator.Build.0 = Release|Any CPU
		{2094A60A-3AF3-4AE7-BA9C-C4A7694E05ED}.Ad-Hoc|iPhoneSimulator.Deploy.0 = Release|Any CPU
		{2094A60A-3AF3-4AE7-BA9C-C4A7694E05ED}.AppStore|Any CPU.ActiveCfg = Release|Any CPU
		{2094A60A-3AF3-4AE7-BA9C-C4A7694E05ED}.AppStore|Any CPU.Build.0 = Release|Any CPU
		{2094A60A-3AF3-4AE7-BA9C-C4A7694E05ED}.AppStore|Any CPU.Deploy.0 = Release|Any CPU
		{2094A60A-3AF3-4AE7-BA9C-C4A7694E05ED}.AppStore|iPhone.ActiveCfg = Release|Any CPU
		{2094A60A-3AF3-4AE7-BA9C-C4A7694E05ED}.AppStore|iPhone.Build.0 = Release|Any CPU
		{2094A60A-3AF3-4AE7-BA9C-C4A7694E05ED}.AppStore|iPhone.Deploy.0 = Release|Any CPU
		{2094A60A-3AF3-4AE7-BA9C-C4A7694E05ED}.AppStore|iPhoneSimulator.ActiveCfg = Release|Any CPU
		{2094A60A-3AF3-4AE7-BA9C-C4A7694E05ED}.AppStore|iPhoneSimulator.Build.0 = Release|Any CPU
		{2094A60A-3AF3-4AE7-BA9C-C4A7694E05ED}.AppStore|iPhoneSimulator.Deploy.0 = Release|Any CPU
		{2094A60A-3AF3-4AE7-BA9C-C4A7694E05ED}.Debug|Any CPU.ActiveCfg = Debug|Any CPU
		{2094A60A-3AF3-4AE7-BA9C-C4A7694E05ED}.Debug|Any CPU.Build.0 = Debug|Any CPU
		{2094A60A-3AF3-4AE7-BA9C-C4A7694E05ED}.Debug|Any CPU.Deploy.0 = Debug|Any CPU
		{2094A60A-3AF3-4AE7-BA9C-C4A7694E05ED}.Debug|iPhone.ActiveCfg = Debug|Any CPU
		{2094A60A-3AF3-4AE7-BA9C-C4A7694E05ED}.Debug|iPhone.Build.0 = Debug|Any CPU
		{2094A60A-3AF3-4AE7-BA9C-C4A7694E05ED}.Debug|iPhone.Deploy.0 = Debug|Any CPU
		{2094A60A-3AF3-4AE7-BA9C-C4A7694E05ED}.Debug|iPhoneSimulator.ActiveCfg = Debug|Any CPU
		{2094A60A-3AF3-4AE7-BA9C-C4A7694E05ED}.Debug|iPhoneSimulator.Build.0 = Debug|Any CPU
		{2094A60A-3AF3-4AE7-BA9C-C4A7694E05ED}.Debug|iPhoneSimulator.Deploy.0 = Debug|Any CPU
		{2094A60A-3AF3-4AE7-BA9C-C4A7694E05ED}.Release|Any CPU.ActiveCfg = Release|Any CPU
		{2094A60A-3AF3-4AE7-BA9C-C4A7694E05ED}.Release|Any CPU.Build.0 = Release|Any CPU
		{2094A60A-3AF3-4AE7-BA9C-C4A7694E05ED}.Release|Any CPU.Deploy.0 = Release|Any CPU
		{2094A60A-3AF3-4AE7-BA9C-C4A7694E05ED}.Release|iPhone.ActiveCfg = Release|Any CPU
		{2094A60A-3AF3-4AE7-BA9C-C4A7694E05ED}.Release|iPhone.Build.0 = Release|Any CPU
		{2094A60A-3AF3-4AE7-BA9C-C4A7694E05ED}.Release|iPhone.Deploy.0 = Release|Any CPU
		{2094A60A-3AF3-4AE7-BA9C-C4A7694E05ED}.Release|iPhoneSimulator.ActiveCfg = Release|Any CPU
		{2094A60A-3AF3-4AE7-BA9C-C4A7694E05ED}.Release|iPhoneSimulator.Build.0 = Release|Any CPU
		{2094A60A-3AF3-4AE7-BA9C-C4A7694E05ED}.Release|iPhoneSimulator.Deploy.0 = Release|Any CPU
		{39F6B0C9-D303-49EC-8633-126F4E127851}.Ad-Hoc|Any CPU.ActiveCfg = Ad-Hoc|iPhone
		{39F6B0C9-D303-49EC-8633-126F4E127851}.Ad-Hoc|Any CPU.Build.0 = Ad-Hoc|iPhone
		{39F6B0C9-D303-49EC-8633-126F4E127851}.Ad-Hoc|Any CPU.Deploy.0 = Ad-Hoc|iPhone
		{39F6B0C9-D303-49EC-8633-126F4E127851}.Ad-Hoc|iPhone.ActiveCfg = Ad-Hoc|iPhone
		{39F6B0C9-D303-49EC-8633-126F4E127851}.Ad-Hoc|iPhone.Build.0 = Ad-Hoc|iPhone
		{39F6B0C9-D303-49EC-8633-126F4E127851}.Ad-Hoc|iPhone.Deploy.0 = Ad-Hoc|iPhone
		{39F6B0C9-D303-49EC-8633-126F4E127851}.Ad-Hoc|iPhoneSimulator.ActiveCfg = Ad-Hoc|iPhoneSimulator
		{39F6B0C9-D303-49EC-8633-126F4E127851}.Ad-Hoc|iPhoneSimulator.Build.0 = Ad-Hoc|iPhoneSimulator
		{39F6B0C9-D303-49EC-8633-126F4E127851}.Ad-Hoc|iPhoneSimulator.Deploy.0 = Ad-Hoc|iPhoneSimulator
		{39F6B0C9-D303-49EC-8633-126F4E127851}.AppStore|Any CPU.ActiveCfg = AppStore|iPhone
		{39F6B0C9-D303-49EC-8633-126F4E127851}.AppStore|Any CPU.Build.0 = AppStore|iPhone
		{39F6B0C9-D303-49EC-8633-126F4E127851}.AppStore|Any CPU.Deploy.0 = AppStore|iPhone
		{39F6B0C9-D303-49EC-8633-126F4E127851}.AppStore|iPhone.ActiveCfg = AppStore|iPhone
		{39F6B0C9-D303-49EC-8633-126F4E127851}.AppStore|iPhone.Build.0 = AppStore|iPhone
		{39F6B0C9-D303-49EC-8633-126F4E127851}.AppStore|iPhone.Deploy.0 = AppStore|iPhone
		{39F6B0C9-D303-49EC-8633-126F4E127851}.AppStore|iPhoneSimulator.ActiveCfg = AppStore|iPhoneSimulator
		{39F6B0C9-D303-49EC-8633-126F4E127851}.AppStore|iPhoneSimulator.Build.0 = AppStore|iPhoneSimulator
		{39F6B0C9-D303-49EC-8633-126F4E127851}.AppStore|iPhoneSimulator.Deploy.0 = AppStore|iPhoneSimulator
		{39F6B0C9-D303-49EC-8633-126F4E127851}.Debug|Any CPU.ActiveCfg = Debug|iPhoneSimulator
		{39F6B0C9-D303-49EC-8633-126F4E127851}.Debug|Any CPU.Build.0 = Debug|iPhoneSimulator
		{39F6B0C9-D303-49EC-8633-126F4E127851}.Debug|Any CPU.Deploy.0 = Debug|iPhoneSimulator
		{39F6B0C9-D303-49EC-8633-126F4E127851}.Debug|iPhone.ActiveCfg = Debug|iPhone
		{39F6B0C9-D303-49EC-8633-126F4E127851}.Debug|iPhone.Build.0 = Debug|iPhone
		{39F6B0C9-D303-49EC-8633-126F4E127851}.Debug|iPhone.Deploy.0 = Debug|iPhone
		{39F6B0C9-D303-49EC-8633-126F4E127851}.Debug|iPhoneSimulator.ActiveCfg = Debug|iPhoneSimulator
		{39F6B0C9-D303-49EC-8633-126F4E127851}.Debug|iPhoneSimulator.Build.0 = Debug|iPhoneSimulator
		{39F6B0C9-D303-49EC-8633-126F4E127851}.Debug|iPhoneSimulator.Deploy.0 = Debug|iPhoneSimulator
		{39F6B0C9-D303-49EC-8633-126F4E127851}.Release|Any CPU.ActiveCfg = Release|iPhone
		{39F6B0C9-D303-49EC-8633-126F4E127851}.Release|Any CPU.Build.0 = Release|iPhone
		{39F6B0C9-D303-49EC-8633-126F4E127851}.Release|Any CPU.Deploy.0 = Release|iPhone
		{39F6B0C9-D303-49EC-8633-126F4E127851}.Release|iPhone.ActiveCfg = Release|iPhone
		{39F6B0C9-D303-49EC-8633-126F4E127851}.Release|iPhone.Build.0 = Release|iPhone
		{39F6B0C9-D303-49EC-8633-126F4E127851}.Release|iPhone.Deploy.0 = Release|iPhone
		{39F6B0C9-D303-49EC-8633-126F4E127851}.Release|iPhoneSimulator.ActiveCfg = Release|iPhoneSimulator
		{39F6B0C9-D303-49EC-8633-126F4E127851}.Release|iPhoneSimulator.Build.0 = Release|iPhoneSimulator
		{39F6B0C9-D303-49EC-8633-126F4E127851}.Release|iPhoneSimulator.Deploy.0 = Release|iPhoneSimulator
		{6E17AABA-68C5-45C0-BDD8-C3B082168A14}.Ad-Hoc|Any CPU.ActiveCfg = Debug|Any CPU
		{6E17AABA-68C5-45C0-BDD8-C3B082168A14}.Ad-Hoc|Any CPU.Build.0 = Debug|Any CPU
		{6E17AABA-68C5-45C0-BDD8-C3B082168A14}.Ad-Hoc|Any CPU.Deploy.0 = Debug|Any CPU
		{6E17AABA-68C5-45C0-BDD8-C3B082168A14}.Ad-Hoc|iPhone.ActiveCfg = Debug|Any CPU
		{6E17AABA-68C5-45C0-BDD8-C3B082168A14}.Ad-Hoc|iPhone.Build.0 = Debug|Any CPU
		{6E17AABA-68C5-45C0-BDD8-C3B082168A14}.Ad-Hoc|iPhone.Deploy.0 = Debug|Any CPU
		{6E17AABA-68C5-45C0-BDD8-C3B082168A14}.Ad-Hoc|iPhoneSimulator.ActiveCfg = Debug|Any CPU
		{6E17AABA-68C5-45C0-BDD8-C3B082168A14}.Ad-Hoc|iPhoneSimulator.Build.0 = Debug|Any CPU
		{6E17AABA-68C5-45C0-BDD8-C3B082168A14}.Ad-Hoc|iPhoneSimulator.Deploy.0 = Debug|Any CPU
		{6E17AABA-68C5-45C0-BDD8-C3B082168A14}.AppStore|Any CPU.ActiveCfg = Debug|Any CPU
		{6E17AABA-68C5-45C0-BDD8-C3B082168A14}.AppStore|Any CPU.Build.0 = Debug|Any CPU
		{6E17AABA-68C5-45C0-BDD8-C3B082168A14}.AppStore|Any CPU.Deploy.0 = Debug|Any CPU
		{6E17AABA-68C5-45C0-BDD8-C3B082168A14}.AppStore|iPhone.ActiveCfg = Debug|Any CPU
		{6E17AABA-68C5-45C0-BDD8-C3B082168A14}.AppStore|iPhone.Build.0 = Debug|Any CPU
		{6E17AABA-68C5-45C0-BDD8-C3B082168A14}.AppStore|iPhone.Deploy.0 = Debug|Any CPU
		{6E17AABA-68C5-45C0-BDD8-C3B082168A14}.AppStore|iPhoneSimulator.ActiveCfg = Debug|Any CPU
		{6E17AABA-68C5-45C0-BDD8-C3B082168A14}.AppStore|iPhoneSimulator.Build.0 = Debug|Any CPU
		{6E17AABA-68C5-45C0-BDD8-C3B082168A14}.AppStore|iPhoneSimulator.Deploy.0 = Debug|Any CPU
		{6E17AABA-68C5-45C0-BDD8-C3B082168A14}.Debug|Any CPU.ActiveCfg = Debug|Any CPU
		{6E17AABA-68C5-45C0-BDD8-C3B082168A14}.Debug|Any CPU.Build.0 = Debug|Any CPU
		{6E17AABA-68C5-45C0-BDD8-C3B082168A14}.Debug|Any CPU.Deploy.0 = Debug|Any CPU
		{6E17AABA-68C5-45C0-BDD8-C3B082168A14}.Debug|iPhone.ActiveCfg = Debug|Any CPU
		{6E17AABA-68C5-45C0-BDD8-C3B082168A14}.Debug|iPhone.Build.0 = Debug|Any CPU
		{6E17AABA-68C5-45C0-BDD8-C3B082168A14}.Debug|iPhone.Deploy.0 = Debug|Any CPU
		{6E17AABA-68C5-45C0-BDD8-C3B082168A14}.Debug|iPhoneSimulator.ActiveCfg = Debug|Any CPU
		{6E17AABA-68C5-45C0-BDD8-C3B082168A14}.Debug|iPhoneSimulator.Build.0 = Debug|Any CPU
		{6E17AABA-68C5-45C0-BDD8-C3B082168A14}.Debug|iPhoneSimulator.Deploy.0 = Debug|Any CPU
		{6E17AABA-68C5-45C0-BDD8-C3B082168A14}.Release|Any CPU.ActiveCfg = Release|Any CPU
		{6E17AABA-68C5-45C0-BDD8-C3B082168A14}.Release|Any CPU.Build.0 = Release|Any CPU
		{6E17AABA-68C5-45C0-BDD8-C3B082168A14}.Release|Any CPU.Deploy.0 = Release|Any CPU
		{6E17AABA-68C5-45C0-BDD8-C3B082168A14}.Release|iPhone.ActiveCfg = Release|Any CPU
		{6E17AABA-68C5-45C0-BDD8-C3B082168A14}.Release|iPhone.Build.0 = Release|Any CPU
		{6E17AABA-68C5-45C0-BDD8-C3B082168A14}.Release|iPhone.Deploy.0 = Release|Any CPU
		{6E17AABA-68C5-45C0-BDD8-C3B082168A14}.Release|iPhoneSimulator.ActiveCfg = Release|Any CPU
		{6E17AABA-68C5-45C0-BDD8-C3B082168A14}.Release|iPhoneSimulator.Build.0 = Release|Any CPU
		{6E17AABA-68C5-45C0-BDD8-C3B082168A14}.Release|iPhoneSimulator.Deploy.0 = Release|Any CPU
		{950BD21B-4926-431C-AA55-DFDA715D29D3}.Ad-Hoc|Any CPU.ActiveCfg = Debug|Any CPU
		{950BD21B-4926-431C-AA55-DFDA715D29D3}.Ad-Hoc|Any CPU.Build.0 = Debug|Any CPU
		{950BD21B-4926-431C-AA55-DFDA715D29D3}.Ad-Hoc|iPhone.ActiveCfg = Debug|Any CPU
		{950BD21B-4926-431C-AA55-DFDA715D29D3}.Ad-Hoc|iPhone.Build.0 = Debug|Any CPU
		{950BD21B-4926-431C-AA55-DFDA715D29D3}.Ad-Hoc|iPhoneSimulator.ActiveCfg = Debug|Any CPU
		{950BD21B-4926-431C-AA55-DFDA715D29D3}.Ad-Hoc|iPhoneSimulator.Build.0 = Debug|Any CPU
		{950BD21B-4926-431C-AA55-DFDA715D29D3}.AppStore|Any CPU.ActiveCfg = Debug|Any CPU
		{950BD21B-4926-431C-AA55-DFDA715D29D3}.AppStore|Any CPU.Build.0 = Debug|Any CPU
		{950BD21B-4926-431C-AA55-DFDA715D29D3}.AppStore|iPhone.ActiveCfg = Debug|Any CPU
		{950BD21B-4926-431C-AA55-DFDA715D29D3}.AppStore|iPhone.Build.0 = Debug|Any CPU
		{950BD21B-4926-431C-AA55-DFDA715D29D3}.AppStore|iPhoneSimulator.ActiveCfg = Debug|Any CPU
		{950BD21B-4926-431C-AA55-DFDA715D29D3}.AppStore|iPhoneSimulator.Build.0 = Debug|Any CPU
		{950BD21B-4926-431C-AA55-DFDA715D29D3}.Debug|Any CPU.ActiveCfg = Debug|Any CPU
		{950BD21B-4926-431C-AA55-DFDA715D29D3}.Debug|Any CPU.Build.0 = Debug|Any CPU
		{950BD21B-4926-431C-AA55-DFDA715D29D3}.Debug|iPhone.ActiveCfg = Debug|Any CPU
		{950BD21B-4926-431C-AA55-DFDA715D29D3}.Debug|iPhone.Build.0 = Debug|Any CPU
		{950BD21B-4926-431C-AA55-DFDA715D29D3}.Debug|iPhoneSimulator.ActiveCfg = Debug|Any CPU
		{950BD21B-4926-431C-AA55-DFDA715D29D3}.Debug|iPhoneSimulator.Build.0 = Debug|Any CPU
		{950BD21B-4926-431C-AA55-DFDA715D29D3}.Release|Any CPU.ActiveCfg = Release|Any CPU
		{950BD21B-4926-431C-AA55-DFDA715D29D3}.Release|Any CPU.Build.0 = Release|Any CPU
		{950BD21B-4926-431C-AA55-DFDA715D29D3}.Release|iPhone.ActiveCfg = Release|Any CPU
		{950BD21B-4926-431C-AA55-DFDA715D29D3}.Release|iPhone.Build.0 = Release|Any CPU
		{950BD21B-4926-431C-AA55-DFDA715D29D3}.Release|iPhoneSimulator.ActiveCfg = Release|Any CPU
		{950BD21B-4926-431C-AA55-DFDA715D29D3}.Release|iPhoneSimulator.Build.0 = Release|Any CPU
		{4719E94E-914D-4F21-A5BF-2A65691BB8FD}.Ad-Hoc|Any CPU.ActiveCfg = Release|Any CPU
		{4719E94E-914D-4F21-A5BF-2A65691BB8FD}.Ad-Hoc|Any CPU.Build.0 = Release|Any CPU
		{4719E94E-914D-4F21-A5BF-2A65691BB8FD}.Ad-Hoc|iPhone.ActiveCfg = Release|Any CPU
		{4719E94E-914D-4F21-A5BF-2A65691BB8FD}.Ad-Hoc|iPhone.Build.0 = Release|Any CPU
		{4719E94E-914D-4F21-A5BF-2A65691BB8FD}.Ad-Hoc|iPhoneSimulator.ActiveCfg = Release|Any CPU
		{4719E94E-914D-4F21-A5BF-2A65691BB8FD}.Ad-Hoc|iPhoneSimulator.Build.0 = Release|Any CPU
		{4719E94E-914D-4F21-A5BF-2A65691BB8FD}.AppStore|Any CPU.ActiveCfg = Release|Any CPU
		{4719E94E-914D-4F21-A5BF-2A65691BB8FD}.AppStore|Any CPU.Build.0 = Release|Any CPU
		{4719E94E-914D-4F21-A5BF-2A65691BB8FD}.AppStore|iPhone.ActiveCfg = Release|Any CPU
		{4719E94E-914D-4F21-A5BF-2A65691BB8FD}.AppStore|iPhone.Build.0 = Release|Any CPU
		{4719E94E-914D-4F21-A5BF-2A65691BB8FD}.AppStore|iPhoneSimulator.ActiveCfg = Release|Any CPU
		{4719E94E-914D-4F21-A5BF-2A65691BB8FD}.AppStore|iPhoneSimulator.Build.0 = Release|Any CPU
		{4719E94E-914D-4F21-A5BF-2A65691BB8FD}.Debug|Any CPU.ActiveCfg = Debug|Any CPU
		{4719E94E-914D-4F21-A5BF-2A65691BB8FD}.Debug|Any CPU.Build.0 = Debug|Any CPU
		{4719E94E-914D-4F21-A5BF-2A65691BB8FD}.Debug|iPhone.ActiveCfg = Debug|Any CPU
		{4719E94E-914D-4F21-A5BF-2A65691BB8FD}.Debug|iPhone.Build.0 = Debug|Any CPU
		{4719E94E-914D-4F21-A5BF-2A65691BB8FD}.Debug|iPhoneSimulator.ActiveCfg = Debug|Any CPU
		{4719E94E-914D-4F21-A5BF-2A65691BB8FD}.Debug|iPhoneSimulator.Build.0 = Debug|Any CPU
		{4719E94E-914D-4F21-A5BF-2A65691BB8FD}.Release|Any CPU.ActiveCfg = Release|Any CPU
		{4719E94E-914D-4F21-A5BF-2A65691BB8FD}.Release|Any CPU.Build.0 = Release|Any CPU
		{4719E94E-914D-4F21-A5BF-2A65691BB8FD}.Release|iPhone.ActiveCfg = Release|Any CPU
		{4719E94E-914D-4F21-A5BF-2A65691BB8FD}.Release|iPhone.Build.0 = Release|Any CPU
		{4719E94E-914D-4F21-A5BF-2A65691BB8FD}.Release|iPhoneSimulator.ActiveCfg = Release|Any CPU
		{4719E94E-914D-4F21-A5BF-2A65691BB8FD}.Release|iPhoneSimulator.Build.0 = Release|Any CPU
		{DA3F1EE5-14B6-4EF1-8CC3-409C4BDBC1C7}.Ad-Hoc|Any CPU.ActiveCfg = Debug|Any CPU
		{DA3F1EE5-14B6-4EF1-8CC3-409C4BDBC1C7}.Ad-Hoc|Any CPU.Build.0 = Debug|Any CPU
		{DA3F1EE5-14B6-4EF1-8CC3-409C4BDBC1C7}.Ad-Hoc|iPhone.ActiveCfg = Debug|Any CPU
		{DA3F1EE5-14B6-4EF1-8CC3-409C4BDBC1C7}.Ad-Hoc|iPhone.Build.0 = Debug|Any CPU
		{DA3F1EE5-14B6-4EF1-8CC3-409C4BDBC1C7}.Ad-Hoc|iPhoneSimulator.ActiveCfg = Debug|Any CPU
		{DA3F1EE5-14B6-4EF1-8CC3-409C4BDBC1C7}.Ad-Hoc|iPhoneSimulator.Build.0 = Debug|Any CPU
		{DA3F1EE5-14B6-4EF1-8CC3-409C4BDBC1C7}.AppStore|Any CPU.ActiveCfg = Debug|Any CPU
		{DA3F1EE5-14B6-4EF1-8CC3-409C4BDBC1C7}.AppStore|Any CPU.Build.0 = Debug|Any CPU
		{DA3F1EE5-14B6-4EF1-8CC3-409C4BDBC1C7}.AppStore|iPhone.ActiveCfg = Debug|Any CPU
		{DA3F1EE5-14B6-4EF1-8CC3-409C4BDBC1C7}.AppStore|iPhone.Build.0 = Debug|Any CPU
		{DA3F1EE5-14B6-4EF1-8CC3-409C4BDBC1C7}.AppStore|iPhoneSimulator.ActiveCfg = Debug|Any CPU
		{DA3F1EE5-14B6-4EF1-8CC3-409C4BDBC1C7}.AppStore|iPhoneSimulator.Build.0 = Debug|Any CPU
		{DA3F1EE5-14B6-4EF1-8CC3-409C4BDBC1C7}.Debug|Any CPU.ActiveCfg = Debug|Any CPU
		{DA3F1EE5-14B6-4EF1-8CC3-409C4BDBC1C7}.Debug|Any CPU.Build.0 = Debug|Any CPU
		{DA3F1EE5-14B6-4EF1-8CC3-409C4BDBC1C7}.Debug|iPhone.ActiveCfg = Debug|Any CPU
		{DA3F1EE5-14B6-4EF1-8CC3-409C4BDBC1C7}.Debug|iPhone.Build.0 = Debug|Any CPU
		{DA3F1EE5-14B6-4EF1-8CC3-409C4BDBC1C7}.Debug|iPhoneSimulator.ActiveCfg = Debug|Any CPU
		{DA3F1EE5-14B6-4EF1-8CC3-409C4BDBC1C7}.Debug|iPhoneSimulator.Build.0 = Debug|Any CPU
		{DA3F1EE5-14B6-4EF1-8CC3-409C4BDBC1C7}.Release|Any CPU.ActiveCfg = Release|Any CPU
		{DA3F1EE5-14B6-4EF1-8CC3-409C4BDBC1C7}.Release|Any CPU.Build.0 = Release|Any CPU
		{DA3F1EE5-14B6-4EF1-8CC3-409C4BDBC1C7}.Release|iPhone.ActiveCfg = Release|Any CPU
		{DA3F1EE5-14B6-4EF1-8CC3-409C4BDBC1C7}.Release|iPhone.Build.0 = Release|Any CPU
		{DA3F1EE5-14B6-4EF1-8CC3-409C4BDBC1C7}.Release|iPhoneSimulator.ActiveCfg = Release|Any CPU
		{DA3F1EE5-14B6-4EF1-8CC3-409C4BDBC1C7}.Release|iPhoneSimulator.Build.0 = Release|Any CPU
	EndGlobalSection
	GlobalSection(SolutionProperties) = preSolution
		HideSolutionNode = FALSE
	EndGlobalSection
	GlobalSection(ExtensibilityGlobals) = postSolution
		SolutionGuid = {E89A1267-7AFE-4A67-8DCE-003E60EA81C9}
	EndGlobalSection
EndGlobal
